
Microsoft Visual Studio Solution File, Format Version 12.00
# Visual Studio Version 17
VisualStudioVersion = 17.3.32929.385
MinimumVisualStudioVersion = 10.0.40219.1
Project("{8BC9CEB8-8B4A-11D0-8D11-00A0C91BC942}") = "BOJ_25629", "BOJ_25629.vcxproj", "{95AB9C79-A47A-4DD0-938A-0D73C861A485}"
EndProject
Global
	GlobalSection(SolutionConfigurationPlatforms) = preSolution
		Debug|x64 = Debug|x64
		Release|x64 = Release|x64
	EndGlobalSection
	GlobalSection(ProjectConfigurationPlatforms) = postSolution
		{95AB9C79-A47A-4DD0-938A-0D73C861A485}.Debug|x64.ActiveCfg = Debug|x64
		{95AB9C79-A47A-4DD0-938A-0D73C861A485}.Debug|x64.Build.0 = Debug|x64
		{95AB9C79-A47A-4DD0-938A-0D73C861A485}.Release|x64.ActiveCfg = Release|x64
		{95AB9C79-A47A-4DD0-938A-0D73C861A485}.Release|x64.Build.0 = Release|x64
	EndGlobalSection
	GlobalSection(SolutionProperties) = preSolution
		HideSolutionNode = FALSE
	EndGlobalSection
	GlobalSection(ExtensibilityGlobals) = postSolution
		SolutionGuid = {35DFD582-26FD-4FCE-8C45-99242CF37C56}
	EndGlobalSection
EndGlobal
